
Microsoft Visual Studio Solution File, Format Version 12.00
# Visual Studio 15
VisualStudioVersion = 15.0.27703.2047
MinimumVisualStudioVersion = 10.0.40219.1
Project("{2150E333-8FDC-42A3-9474-1A3956D46DE8}") = "misc", "misc", "{E419146C-2D2D-4F88-B20D-946C76E732E6}"
	ProjectSection(SolutionItems) = preProject
		.gitignore = .gitignore
		README.md = README.md
	EndProjectSection
EndProject
Project("{2150E333-8FDC-42A3-9474-1A3956D46DE8}") = "src", "src", "{19786C71-33F2-4FDC-A09D-FCB9CCD7C32E}"
EndProject
Project("{8BC9CEB8-8B4A-11D0-8D11-00A0C91BC942}") = "WintabEye", "src\WintabEye\WintabEye.vcxproj", "{6E3D78C1-249F-4F12-B713-76A7FDFD3EFC}"
EndProject
Global
	GlobalSection(SolutionConfigurationPlatforms) = preSolution
		Debug|x64 = Debug|x64
		Debug|x86 = Debug|x86
		Release|x64 = Release|x64
		Release|x86 = Release|x86
	EndGlobalSection
	GlobalSection(ProjectConfigurationPlatforms) = postSolution
		{6E3D78C1-249F-4F12-B713-76A7FDFD3EFC}.Debug|x64.ActiveCfg = Debug|x64
		{6E3D78C1-249F-4F12-B713-76A7FDFD3EFC}.Debug|x64.Build.0 = Debug|x64
		{6E3D78C1-249F-4F12-B713-76A7FDFD3EFC}.Debug|x86.ActiveCfg = Debug|Win32
		{6E3D78C1-249F-4F12-B713-76A7FDFD3EFC}.Debug|x86.Build.0 = Debug|Win32
		{6E3D78C1-249F-4F12-B713-76A7FDFD3EFC}.Release|x64.ActiveCfg = Release|x64
		{6E3D78C1-249F-4F12-B713-76A7FDFD3EFC}.Release|x64.Build.0 = Release|x64
		{6E3D78C1-249F-4F12-B713-76A7FDFD3EFC}.Release|x86.ActiveCfg = Release|Win32
		{6E3D78C1-249F-4F12-B713-76A7FDFD3EFC}.Release|x86.Build.0 = Release|Win32
	EndGlobalSection
	GlobalSection(SolutionProperties) = preSolution
		HideSolutionNode = FALSE
	EndGlobalSection
	GlobalSection(NestedProjects) = preSolution
		{6E3D78C1-249F-4F12-B713-76A7FDFD3EFC} = {19786C71-33F2-4FDC-A09D-FCB9CCD7C32E}
	EndGlobalSection
	GlobalSection(ExtensibilityGlobals) = postSolution
		SolutionGuid = {4BDD2A7E-FC06-44FE-AC70-C92450D7EE9D}
	EndGlobalSection
EndGlobal
